
Microsoft Visual Studio Solution File, Format Version 12.00
# Visual Studio 15
VisualStudioVersion = 15.0.27428.2043
MinimumVisualStudioVersion = 10.0.40219.1
Project("{888888A0-9F3D-457C-B088-3A5042F75D52}") = "Strip Comments", "Strip Comments\Strip Comments.pyproj", "{5DB8C533-DFD1-4953-9BEB-1FF38E535CF8}"
EndProject
Global
	GlobalSection(SolutionConfigurationPlatforms) = preSolution
		Debug|Any CPU = Debug|Any CPU
		Release|Any CPU = Release|Any CPU
	EndGlobalSection
	GlobalSection(ProjectConfigurationPlatforms) = postSolution
		{5DB8C533-DFD1-4953-9BEB-1FF38E535CF8}.Debug|Any CPU.ActiveCfg = Debug|Any CPU
		{5DB8C533-DFD1-4953-9BEB-1FF38E535CF8}.Release|Any CPU.ActiveCfg = Release|Any CPU
	EndGlobalSection
	GlobalSection(SolutionProperties) = preSolution
		HideSolutionNode = FALSE
	EndGlobalSection
	GlobalSection(ExtensibilityGlobals) = postSolution
		SolutionGuid = {580C677B-A448-49FF-8877-1A3F063813AF}
	EndGlobalSection
EndGlobal
